
Microsoft Visual Studio Solution File, Format Version 10.00
# Visual Studio 2008
Project("{8BC9CEB8-8B4A-11D0-8D11-00A0C91BC942}") = "GetUnique", "GetUnique\GetUnique.vcproj", "{632403ED-6676-4A05-8735-DE3ABF9593BA}"
EndProject
Global
	GlobalSection(SolutionConfigurationPlatforms) = preSolution
		Debug|Win32 = Debug|Win32
		Release|Win32 = Release|Win32
	EndGlobalSection
	GlobalSection(ProjectConfigurationPlatforms) = postSolution
		{632403ED-6676-4A05-8735-DE3ABF9593BA}.Debug|Win32.ActiveCfg = Debug|Win32
		{632403ED-6676-4A05-8735-DE3ABF9593BA}.Debug|Win32.Build.0 = Debug|Win32
		{632403ED-6676-4A05-8735-DE3ABF9593BA}.Release|Win32.ActiveCfg = Release|Win32
		{632403ED-6676-4A05-8735-DE3ABF9593BA}.Release|Win32.Build.0 = Release|Win32
	EndGlobalSection
	GlobalSection(SolutionProperties) = preSolution
		HideSolutionNode = FALSE
	EndGlobalSection
EndGlobal
